
Microsoft Visual Studio Solution File, Format Version 12.00
# Visual Studio Version 17
VisualStudioVersion = 17.0.31903.59
MinimumVisualStudioVersion = 10.0.40219.1
Project("{2150E333-8FDC-42A3-9474-1A3956D46DE8}") = "src", "src", "{4DC2CAB9-D69D-4073-BC70-C82B47B472E9}"
EndProject
Project("{FAE04EC0-301F-11D3-BF4B-00C04F79EFBC}") = "Palindrome.Cli", "src\Palindrome.Cli\Palindrome.Cli.csproj", "{1F03FA46-8810-4810-86BE-8980B7869A93}"
EndProject
Project("{2150E333-8FDC-42A3-9474-1A3956D46DE8}") = "test", "test", "{1B5D46B9-6ECB-4338-A2DF-6420C136F216}"
EndProject
Project("{FAE04EC0-301F-11D3-BF4B-00C04F79EFBC}") = "Palindrome.Cli.Test", "test\Palindrome.Cli.Test\Palindrome.Cli.Test.csproj", "{9A793DDE-C95B-4EB0-AADA-360245187836}"
EndProject
Global
	GlobalSection(SolutionConfigurationPlatforms) = preSolution
		Debug|Any CPU = Debug|Any CPU
		Release|Any CPU = Release|Any CPU
	EndGlobalSection
	GlobalSection(SolutionProperties) = preSolution
		HideSolutionNode = FALSE
	EndGlobalSection
	GlobalSection(ProjectConfigurationPlatforms) = postSolution
		{1F03FA46-8810-4810-86BE-8980B7869A93}.Debug|Any CPU.ActiveCfg = Debug|Any CPU
		{1F03FA46-8810-4810-86BE-8980B7869A93}.Debug|Any CPU.Build.0 = Debug|Any CPU
		{1F03FA46-8810-4810-86BE-8980B7869A93}.Release|Any CPU.ActiveCfg = Release|Any CPU
		{1F03FA46-8810-4810-86BE-8980B7869A93}.Release|Any CPU.Build.0 = Release|Any CPU
		{9A793DDE-C95B-4EB0-AADA-360245187836}.Debug|Any CPU.ActiveCfg = Debug|Any CPU
		{9A793DDE-C95B-4EB0-AADA-360245187836}.Debug|Any CPU.Build.0 = Debug|Any CPU
		{9A793DDE-C95B-4EB0-AADA-360245187836}.Release|Any CPU.ActiveCfg = Release|Any CPU
		{9A793DDE-C95B-4EB0-AADA-360245187836}.Release|Any CPU.Build.0 = Release|Any CPU
	EndGlobalSection
	GlobalSection(NestedProjects) = preSolution
		{1F03FA46-8810-4810-86BE-8980B7869A93} = {4DC2CAB9-D69D-4073-BC70-C82B47B472E9}
		{9A793DDE-C95B-4EB0-AADA-360245187836} = {1B5D46B9-6ECB-4338-A2DF-6420C136F216}
	EndGlobalSection
EndGlobal
