
Microsoft Visual Studio Solution File, Format Version 12.00
# Visual Studio Version 17
VisualStudioVersion = 17.0.31903.59
MinimumVisualStudioVersion = 10.0.40219.1
Project("{2150E333-8FDC-42A3-9474-1A3956D46DE8}") = "src", "src", "{9AE0B11B-8F83-4AB9-AEE1-2A943559D25D}"
EndProject
Project("{FAE04EC0-301F-11D3-BF4B-00C04F79EFBC}") = "Anagrama.Cli", "src\Anagrama.Cli\Anagrama.Cli.csproj", "{CC731105-3873-4B65-A2CA-3BADE39A3FD9}"
EndProject
Project("{2150E333-8FDC-42A3-9474-1A3956D46DE8}") = "test", "test", "{DFBE59DC-E5BA-44D2-826A-763E65E4D055}"
EndProject
Project("{FAE04EC0-301F-11D3-BF4B-00C04F79EFBC}") = "Anagrama.Cli.Test", "test\Anagrama.Cli.Test\Anagrama.Cli.Test.csproj", "{16F2F171-7AA5-4CB8-922E-DC77C0380C4E}"
EndProject
Global
	GlobalSection(SolutionConfigurationPlatforms) = preSolution
		Debug|Any CPU = Debug|Any CPU
		Release|Any CPU = Release|Any CPU
	EndGlobalSection
	GlobalSection(SolutionProperties) = preSolution
		HideSolutionNode = FALSE
	EndGlobalSection
	GlobalSection(ProjectConfigurationPlatforms) = postSolution
		{CC731105-3873-4B65-A2CA-3BADE39A3FD9}.Debug|Any CPU.ActiveCfg = Debug|Any CPU
		{CC731105-3873-4B65-A2CA-3BADE39A3FD9}.Debug|Any CPU.Build.0 = Debug|Any CPU
		{CC731105-3873-4B65-A2CA-3BADE39A3FD9}.Release|Any CPU.ActiveCfg = Release|Any CPU
		{CC731105-3873-4B65-A2CA-3BADE39A3FD9}.Release|Any CPU.Build.0 = Release|Any CPU
		{16F2F171-7AA5-4CB8-922E-DC77C0380C4E}.Debug|Any CPU.ActiveCfg = Debug|Any CPU
		{16F2F171-7AA5-4CB8-922E-DC77C0380C4E}.Debug|Any CPU.Build.0 = Debug|Any CPU
		{16F2F171-7AA5-4CB8-922E-DC77C0380C4E}.Release|Any CPU.ActiveCfg = Release|Any CPU
		{16F2F171-7AA5-4CB8-922E-DC77C0380C4E}.Release|Any CPU.Build.0 = Release|Any CPU
	EndGlobalSection
	GlobalSection(NestedProjects) = preSolution
		{CC731105-3873-4B65-A2CA-3BADE39A3FD9} = {9AE0B11B-8F83-4AB9-AEE1-2A943559D25D}
		{16F2F171-7AA5-4CB8-922E-DC77C0380C4E} = {DFBE59DC-E5BA-44D2-826A-763E65E4D055}
	EndGlobalSection
EndGlobal
